// !$*UTF8*$!
{
	archiveVersion = 1;
	classes = {
	};
	objectVersion = 56;
	objects = {

/* Begin PBXBuildFile section */
		1F269E7C2C5010D900F96A6E /* RegisterPresenter.swift in Sources */ = {isa = PBXBuildFile; fileRef = 1F269E742C5010D900F96A6E /* RegisterPresenter.swift */; };
		1F269E7D2C5010D900F96A6E /* RegisterWorker.swift in Sources */ = {isa = PBXBuildFile; fileRef = 1F269E752C5010D900F96A6E /* RegisterWorker.swift */; };
		1F269E7E2C5010D900F96A6E /* RegisterRouter.swift in Sources */ = {isa = PBXBuildFile; fileRef = 1F269E762C5010D900F96A6E /* RegisterRouter.swift */; };
		1F269E7F2C5010D900F96A6E /* RegisterModels.swift in Sources */ = {isa = PBXBuildFile; fileRef = 1F269E772C5010D900F96A6E /* RegisterModels.swift */; };
		1F269E802C5010D900F96A6E /* RegisterViewController.swift in Sources */ = {isa = PBXBuildFile; fileRef = 1F269E782C5010D900F96A6E /* RegisterViewController.swift */; };
		1F269E812C5010D900F96A6E /* RegisterProtocols.swift in Sources */ = {isa = PBXBuildFile; fileRef = 1F269E792C5010D900F96A6E /* RegisterProtocols.swift */; };
		1F269E822C5010D900F96A6E /* RegisterAssembly.swift in Sources */ = {isa = PBXBuildFile; fileRef = 1F269E7A2C5010D900F96A6E /* RegisterAssembly.swift */; };
		1F269E832C5010D900F96A6E /* RegisterInteractor.swift in Sources */ = {isa = PBXBuildFile; fileRef = 1F269E7B2C5010D900F96A6E /* RegisterInteractor.swift */; };
		1F269E8D2C50111100F96A6E /* RegisterMailPresenter.swift in Sources */ = {isa = PBXBuildFile; fileRef = 1F269E852C50111100F96A6E /* RegisterMailPresenter.swift */; };
		1F269E8E2C50111100F96A6E /* RegisterMailWorker.swift in Sources */ = {isa = PBXBuildFile; fileRef = 1F269E862C50111100F96A6E /* RegisterMailWorker.swift */; };
		1F269E8F2C50111100F96A6E /* RegisterMailRouter.swift in Sources */ = {isa = PBXBuildFile; fileRef = 1F269E872C50111100F96A6E /* RegisterMailRouter.swift */; };
		1F269E902C50111100F96A6E /* RegisterMailModels.swift in Sources */ = {isa = PBXBuildFile; fileRef = 1F269E882C50111100F96A6E /* RegisterMailModels.swift */; };
		1F269E912C50111100F96A6E /* RegisterMailViewController.swift in Sources */ = {isa = PBXBuildFile; fileRef = 1F269E892C50111100F96A6E /* RegisterMailViewController.swift */; };
		1F269E922C50111100F96A6E /* RegisterMailProtocols.swift in Sources */ = {isa = PBXBuildFile; fileRef = 1F269E8A2C50111100F96A6E /* RegisterMailProtocols.swift */; };
		1F269E932C50111100F96A6E /* RegisterMailAssembly.swift in Sources */ = {isa = PBXBuildFile; fileRef = 1F269E8B2C50111100F96A6E /* RegisterMailAssembly.swift */; };
		1F269E942C50111100F96A6E /* RegisterMailInteractor.swift in Sources */ = {isa = PBXBuildFile; fileRef = 1F269E8C2C50111100F96A6E /* RegisterMailInteractor.swift */; };
		1F269E9E2C50114A00F96A6E /* RegisterInfoPresenter.swift in Sources */ = {isa = PBXBuildFile; fileRef = 1F269E962C50114A00F96A6E /* RegisterInfoPresenter.swift */; };
		1F269E9F2C50114A00F96A6E /* RegisterInfoWorker.swift in Sources */ = {isa = PBXBuildFile; fileRef = 1F269E972C50114A00F96A6E /* RegisterInfoWorker.swift */; };
		1F269EA02C50114A00F96A6E /* RegisterInfoRouter.swift in Sources */ = {isa = PBXBuildFile; fileRef = 1F269E982C50114A00F96A6E /* RegisterInfoRouter.swift */; };
		1F269EA12C50114A00F96A6E /* RegisterInfoModels.swift in Sources */ = {isa = PBXBuildFile; fileRef = 1F269E992C50114A00F96A6E /* RegisterInfoModels.swift */; };
		1F269EA22C50114A00F96A6E /* RegisterInfoViewController.swift in Sources */ = {isa = PBXBuildFile; fileRef = 1F269E9A2C50114A00F96A6E /* RegisterInfoViewController.swift */; };
		1F269EA32C50114A00F96A6E /* RegisterInfoProtocols.swift in Sources */ = {isa = PBXBuildFile; fileRef = 1F269E9B2C50114A00F96A6E /* RegisterInfoProtocols.swift */; };
		1F269EA42C50114A00F96A6E /* RegisterInfoAssembly.swift in Sources */ = {isa = PBXBuildFile; fileRef = 1F269E9C2C50114A00F96A6E /* RegisterInfoAssembly.swift */; };
		1F269EA52C50114A00F96A6E /* RegisterInfoInteractor.swift in Sources */ = {isa = PBXBuildFile; fileRef = 1F269E9D2C50114A00F96A6E /* RegisterInfoInteractor.swift */; };
		1F269EAF2C50117D00F96A6E /* RegisterWelcomePresenter.swift in Sources */ = {isa = PBXBuildFile; fileRef = 1F269EA72C50117D00F96A6E /* RegisterWelcomePresenter.swift */; };
		1F269EB02C50117D00F96A6E /* RegisterWelcomeWorker.swift in Sources */ = {isa = PBXBuildFile; fileRef = 1F269EA82C50117D00F96A6E /* RegisterWelcomeWorker.swift */; };
		1F269EB12C50117D00F96A6E /* RegisterWelcomeRouter.swift in Sources */ = {isa = PBXBuildFile; fileRef = 1F269EA92C50117D00F96A6E /* RegisterWelcomeRouter.swift */; };
		1F269EB22C50117D00F96A6E /* RegisterWelcomeModels.swift in Sources */ = {isa = PBXBuildFile; fileRef = 1F269EAA2C50117D00F96A6E /* RegisterWelcomeModels.swift */; };
		1F269EB32C50117D00F96A6E /* RegisterWelcomeViewController.swift in Sources */ = {isa = PBXBuildFile; fileRef = 1F269EAB2C50117D00F96A6E /* RegisterWelcomeViewController.swift */; };
		1F269EB42C50117D00F96A6E /* RegisterWelcomeProtocols.swift in Sources */ = {isa = PBXBuildFile; fileRef = 1F269EAC2C50117D00F96A6E /* RegisterWelcomeProtocols.swift */; };
		1F269EB52C50117D00F96A6E /* RegisterWelcomeAssembly.swift in Sources */ = {isa = PBXBuildFile; fileRef = 1F269EAD2C50117D00F96A6E /* RegisterWelcomeAssembly.swift */; };
		1F269EB62C50117D00F96A6E /* RegisterWelcomeInteractor.swift in Sources */ = {isa = PBXBuildFile; fileRef = 1F269EAE2C50117D00F96A6E /* RegisterWelcomeInteractor.swift */; };
		1F269EC02C5011C400F96A6E /* LoginPresenter.swift in Sources */ = {isa = PBXBuildFile; fileRef = 1F269EB82C5011C400F96A6E /* LoginPresenter.swift */; };
		1F269EC12C5011C400F96A6E /* LoginWorker.swift in Sources */ = {isa = PBXBuildFile; fileRef = 1F269EB92C5011C400F96A6E /* LoginWorker.swift */; };
		1F269EC22C5011C400F96A6E /* LoginRouter.swift in Sources */ = {isa = PBXBuildFile; fileRef = 1F269EBA2C5011C400F96A6E /* LoginRouter.swift */; };
		1F269EC32C5011C400F96A6E /* LoginModels.swift in Sources */ = {isa = PBXBuildFile; fileRef = 1F269EBB2C5011C400F96A6E /* LoginModels.swift */; };
		1F269EC42C5011C400F96A6E /* LoginViewController.swift in Sources */ = {isa = PBXBuildFile; fileRef = 1F269EBC2C5011C400F96A6E /* LoginViewController.swift */; };
		1F269EC52C5011C400F96A6E /* LoginProtocols.swift in Sources */ = {isa = PBXBuildFile; fileRef = 1F269EBD2C5011C400F96A6E /* LoginProtocols.swift */; };
		1F269EC62C5011C400F96A6E /* LoginAssembly.swift in Sources */ = {isa = PBXBuildFile; fileRef = 1F269EBE2C5011C400F96A6E /* LoginAssembly.swift */; };
		1F269EC72C5011C400F96A6E /* LoginInteractor.swift in Sources */ = {isa = PBXBuildFile; fileRef = 1F269EBF2C5011C400F96A6E /* LoginInteractor.swift */; };
		1FC827252C565129005E3E28 /* AppFonts.swift in Sources */ = {isa = PBXBuildFile; fileRef = 1FC827242C565128005E3E28 /* AppFonts.swift */; };
		1FED8E122C4A54690091AE88 /* AppDelegate.swift in Sources */ = {isa = PBXBuildFile; fileRef = 1FED8E112C4A54690091AE88 /* AppDelegate.swift */; };
		1FED8E142C4A54690091AE88 /* SceneDelegate.swift in Sources */ = {isa = PBXBuildFile; fileRef = 1FED8E132C4A54690091AE88 /* SceneDelegate.swift */; };
		1FED8E1B2C4A546A0091AE88 /* Assets.xcassets in Resources */ = {isa = PBXBuildFile; fileRef = 1FED8E1A2C4A546A0091AE88 /* Assets.xcassets */; };
		1FED8E1E2C4A546A0091AE88 /* Base in Resources */ = {isa = PBXBuildFile; fileRef = 1FED8E1D2C4A546A0091AE88 /* Base */; };
		1FED8E272C4A59E60091AE88 /* ValidatableTextField.swift in Sources */ = {isa = PBXBuildFile; fileRef = 1FED8E262C4A59E60091AE88 /* ValidatableTextField.swift */; };
		1FED8E292C4A5B960091AE88 /* InsetedTextField.swift in Sources */ = {isa = PBXBuildFile; fileRef = 1FED8E282C4A5B960091AE88 /* InsetedTextField.swift */; };
		1FED8E2C2C4A5C970091AE88 /* AppColors.swift in Sources */ = {isa = PBXBuildFile; fileRef = 1FED8E2B2C4A5C970091AE88 /* AppColors.swift */; };
/* End PBXBuildFile section */

/* Begin PBXFileReference section */
		1F1046182C4B895700C8F56A /* RegisterViewController.swift */ = {isa = PBXFileReference; lastKnownFileType = sourcecode.swift; path = RegisterViewController.swift; sourceTree = "<group>"; };
		1F10461A2C4B898800C8F56A /* RecoveryViewController.swift */ = {isa = PBXFileReference; lastKnownFileType = sourcecode.swift; path = RecoveryViewController.swift; sourceTree = "<group>"; };
		1F10461C2C4B8B1200C8F56A /* PersonalAreaViewController.swift */ = {isa = PBXFileReference; lastKnownFileType = sourcecode.swift; path = PersonalAreaViewController.swift; sourceTree = "<group>"; };
		1F10461F2C4BC08700C8F56A /* RegisterMailViewController.swift */ = {isa = PBXFileReference; lastKnownFileType = sourcecode.swift; path = RegisterMailViewController.swift; sourceTree = "<group>"; };
		1F1046212C4BC0A300C8F56A /* RegisterInfoViewController.swift */ = {isa = PBXFileReference; lastKnownFileType = sourcecode.swift; path = RegisterInfoViewController.swift; sourceTree = "<group>"; };
		1F1046232C4BC0CA00C8F56A /* RegisterWelcomeViewController.swift */ = {isa = PBXFileReference; lastKnownFileType = sourcecode.swift; path = RegisterWelcomeViewController.swift; sourceTree = "<group>"; };
		1F75EA662C4CEB3900F9202B /* logoBlack.jpg */ = {isa = PBXFileReference; lastKnownFileType = image.jpeg; path = logoBlack.jpg; sourceTree = "<group>"; };
		1FED8E0E2C4A54690091AE88 /* termeet.app */ = {isa = PBXFileReference; explicitFileType = wrapper.application; includeInIndex = 0; path = termeet.app; sourceTree = BUILT_PRODUCTS_DIR; };
		1FED8E112C4A54690091AE88 /* AppDelegate.swift */ = {isa = PBXFileReference; lastKnownFileType = sourcecode.swift; path = AppDelegate.swift; sourceTree = "<group>"; };
		1FED8E132C4A54690091AE88 /* SceneDelegate.swift */ = {isa = PBXFileReference; lastKnownFileType = sourcecode.swift; path = SceneDelegate.swift; sourceTree = "<group>"; };
		1FED8E152C4A54690091AE88 /* LoginViewController.swift */ = {isa = PBXFileReference; lastKnownFileType = sourcecode.swift; path = LoginViewController.swift; sourceTree = "<group>"; };
		1FED8E1A2C4A546A0091AE88 /* Assets.xcassets */ = {isa = PBXFileReference; lastKnownFileType = folder.assetcatalog; path = Assets.xcassets; sourceTree = "<group>"; };
		1FED8E1D2C4A546A0091AE88 /* Base */ = {isa = PBXFileReference; lastKnownFileType = file.storyboard; name = Base; path = Base.lproj/LaunchScreen.storyboard; sourceTree = "<group>"; };
		1FED8E1F2C4A546A0091AE88 /* Info.plist */ = {isa = PBXFileReference; lastKnownFileType = text.plist.xml; path = Info.plist; sourceTree = "<group>"; };
		1FED8E262C4A59E60091AE88 /* ValidatableTextField.swift */ = {isa = PBXFileReference; lastKnownFileType = sourcecode.swift; path = ValidatableTextField.swift; sourceTree = "<group>"; };
		1FED8E282C4A5B960091AE88 /* InsetedTextField.swift */ = {isa = PBXFileReference; lastKnownFileType = sourcecode.swift; path = InsetedTextField.swift; sourceTree = "<group>"; };
		1FED8E2B2C4A5C970091AE88 /* AppColors.swift */ = {isa = PBXFileReference; lastKnownFileType = sourcecode.swift; path = AppColors.swift; sourceTree = "<group>"; };
/* End PBXFileReference section */

/* Begin PBXFrameworksBuildPhase section */
		1FED8E0B2C4A54690091AE88 /* Frameworks */ = {
			isa = PBXFrameworksBuildPhase;
			buildActionMask = 2147483647;
			files = (
			);
			runOnlyForDeploymentPostprocessing = 0;
		};
/* End PBXFrameworksBuildPhase section */

/* Begin PBXGroup section */
		1F10461E2C4BC02100C8F56A /* RegisterGroup */ = {
			isa = PBXGroup;
			children = (
				1F1046182C4B895700C8F56A /* RegisterViewController.swift */,
				1F10461F2C4BC08700C8F56A /* RegisterMailViewController.swift */,
				1F1046212C4BC0A300C8F56A /* RegisterInfoViewController.swift */,
				1F1046232C4BC0CA00C8F56A /* RegisterWelcomeViewController.swift */,
			);
			path = RegisterGroup;
			sourceTree = "<group>";
		};
		1FED8E052C4A54680091AE88 = {
			isa = PBXGroup;
			children = (
				1FED8E102C4A54690091AE88 /* termeet */,
				1FED8E0F2C4A54690091AE88 /* Products */,
			);
			sourceTree = "<group>";
		};
		1FED8E0F2C4A54690091AE88 /* Products */ = {
			isa = PBXGroup;
			children = (
				1FED8E0E2C4A54690091AE88 /* termeet.app */,
			);
			name = Products;
			sourceTree = "<group>";
		};
		1FED8E102C4A54690091AE88 /* termeet */ = {
			isa = PBXGroup;
			children = (
				1F75EA662C4CEB3900F9202B /* logoBlack.jpg */,
				1FED8E112C4A54690091AE88 /* AppDelegate.swift */,
				1FED8E132C4A54690091AE88 /* SceneDelegate.swift */,
				1FED8E152C4A54690091AE88 /* LoginViewController.swift */,
				1F10461E2C4BC02100C8F56A /* RegisterGroup */,
				1F10461A2C4B898800C8F56A /* RecoveryViewController.swift */,
				1F10461C2C4B8B1200C8F56A /* PersonalAreaViewController.swift */,
				1FED8E2A2C4A5C0C0091AE88 /* DesignFiles */,
				1FED8E252C4A59400091AE88 /* UIElements */,
				1FED8E1A2C4A546A0091AE88 /* Assets.xcassets */,
				1FED8E1C2C4A546A0091AE88 /* LaunchScreen.storyboard */,
				1FED8E1F2C4A546A0091AE88 /* Info.plist */,
			);
			path = termeet;
			sourceTree = "<group>";
		};
		1FED8E252C4A59400091AE88 /* UIElements */ = {
			isa = PBXGroup;
			children = (
				1FED8E262C4A59E60091AE88 /* ValidatableTextField.swift */,
				1FED8E282C4A5B960091AE88 /* InsetedTextField.swift */,
			);
			path = UIElements;
			sourceTree = "<group>";
		};
		1FED8E2A2C4A5C0C0091AE88 /* DesignFiles */ = {
			isa = PBXGroup;
			children = (
				1FED8E2B2C4A5C970091AE88 /* AppColors.swift */,
			);
			path = DesignFiles;
			sourceTree = "<group>";
		};
/* End PBXGroup section */

/* Begin PBXNativeTarget section */
		1FED8E0D2C4A54690091AE88 /* termeet */ = {
			isa = PBXNativeTarget;
			buildConfigurationList = 1FED8E222C4A546A0091AE88 /* Build configuration list for PBXNativeTarget "termeet" */;
			buildPhases = (
				1FED8E0A2C4A54690091AE88 /* Sources */,
				1FED8E0B2C4A54690091AE88 /* Frameworks */,
				1FED8E0C2C4A54690091AE88 /* Resources */,
			);
			buildRules = (
			);
			dependencies = (
			);
			name = termeet;
			productName = termeet;
			productReference = 1FED8E0E2C4A54690091AE88 /* termeet.app */;
			productType = "com.apple.product-type.application";
		};
/* End PBXNativeTarget section */

/* Begin PBXProject section */
		1FED8E062C4A54680091AE88 /* Project object */ = {
			isa = PBXProject;
			attributes = {
				BuildIndependentTargetsInParallel = 1;
				LastSwiftUpdateCheck = 1540;
				LastUpgradeCheck = 1540;
				TargetAttributes = {
					1FED8E0D2C4A54690091AE88 = {
						CreatedOnToolsVersion = 15.4;
					};
				};
			};
			buildConfigurationList = 1FED8E092C4A54680091AE88 /* Build configuration list for PBXProject "termeet" */;
			compatibilityVersion = "Xcode 14.0";
			developmentRegion = en;
			hasScannedForEncodings = 0;
			knownRegions = (
				en,
				Base,
			);
			mainGroup = 1FED8E052C4A54680091AE88;
			productRefGroup = 1FED8E0F2C4A54690091AE88 /* Products */;
			projectDirPath = "";
			projectRoot = "";
			targets = (
				1FED8E0D2C4A54690091AE88 /* termeet */,
			);
		};
/* End PBXProject section */

/* Begin PBXResourcesBuildPhase section */
		1FED8E0C2C4A54690091AE88 /* Resources */ = {
			isa = PBXResourcesBuildPhase;
			buildActionMask = 2147483647;
			files = (
				1FED8E1B2C4A546A0091AE88 /* Assets.xcassets in Resources */,
				1FED8E1E2C4A546A0091AE88 /* Base in Resources */,
				1F75EA672C4CEB3900F9202B /* logoBlack.jpg in Resources */,
			);
			runOnlyForDeploymentPostprocessing = 0;
		};
/* End PBXResourcesBuildPhase section */

/* Begin PBXSourcesBuildPhase section */
		1FED8E0A2C4A54690091AE88 /* Sources */ = {
			isa = PBXSourcesBuildPhase;
			buildActionMask = 2147483647;
			files = (
				1FED8E292C4A5B960091AE88 /* InsetedTextField.swift in Sources */,
				1FED8E162C4A54690091AE88 /* LoginViewController.swift in Sources */,
				1F1046242C4BC0CA00C8F56A /* RegisterWelcomeViewController.swift in Sources */,
				1F1046192C4B895700C8F56A /* RegisterViewController.swift in Sources */,
				1F1046222C4BC0A300C8F56A /* RegisterInfoViewController.swift in Sources */,
				1FED8E122C4A54690091AE88 /* AppDelegate.swift in Sources */,
				1FED8E2C2C4A5C970091AE88 /* AppColors.swift in Sources */,
				1F10461B2C4B898800C8F56A /* RecoveryViewController.swift in Sources */,
				1FED8E142C4A54690091AE88 /* SceneDelegate.swift in Sources */,
				1F10461D2C4B8B1200C8F56A /* PersonalAreaViewController.swift in Sources */,
				1F1046202C4BC08700C8F56A /* RegisterMailViewController.swift in Sources */,
				1FED8E272C4A59E60091AE88 /* ValidatableTextField.swift in Sources */,
			);
			runOnlyForDeploymentPostprocessing = 0;
		};
/* End PBXSourcesBuildPhase section */

/* Begin PBXVariantGroup section */
		1FED8E1C2C4A546A0091AE88 /* LaunchScreen.storyboard */ = {
			isa = PBXVariantGroup;
			children = (
				1FED8E1D2C4A546A0091AE88 /* Base */,
			);
			name = LaunchScreen.storyboard;
			sourceTree = "<group>";
		};
/* End PBXVariantGroup section */

/* Begin XCBuildConfiguration section */
		1FED8E202C4A546A0091AE88 /* Debug */ = {
			isa = XCBuildConfiguration;
			buildSettings = {
				ALWAYS_SEARCH_USER_PATHS = NO;
				ASSETCATALOG_COMPILER_GENERATE_SWIFT_ASSET_SYMBOL_EXTENSIONS = YES;
				CLANG_ANALYZER_NONNULL = YES;
				CLANG_ANALYZER_NUMBER_OBJECT_CONVERSION = YES_AGGRESSIVE;
				CLANG_CXX_LANGUAGE_STANDARD = "gnu++20";
				CLANG_ENABLE_MODULES = YES;
				CLANG_ENABLE_OBJC_ARC = YES;
				CLANG_ENABLE_OBJC_WEAK = YES;
				CLANG_WARN_BLOCK_CAPTURE_AUTORELEASING = YES;
				CLANG_WARN_BOOL_CONVERSION = YES;
				CLANG_WARN_COMMA = YES;
				CLANG_WARN_CONSTANT_CONVERSION = YES;
				CLANG_WARN_DEPRECATED_OBJC_IMPLEMENTATIONS = YES;
				CLANG_WARN_DIRECT_OBJC_ISA_USAGE = YES_ERROR;
				CLANG_WARN_DOCUMENTATION_COMMENTS = YES;
				CLANG_WARN_EMPTY_BODY = YES;
				CLANG_WARN_ENUM_CONVERSION = YES;
				CLANG_WARN_INFINITE_RECURSION = YES;
				CLANG_WARN_INT_CONVERSION = YES;
				CLANG_WARN_NON_LITERAL_NULL_CONVERSION = YES;
				CLANG_WARN_OBJC_IMPLICIT_RETAIN_SELF = YES;
				CLANG_WARN_OBJC_LITERAL_CONVERSION = YES;
				CLANG_WARN_OBJC_ROOT_CLASS = YES_ERROR;
				CLANG_WARN_QUOTED_INCLUDE_IN_FRAMEWORK_HEADER = YES;
				CLANG_WARN_RANGE_LOOP_ANALYSIS = YES;
				CLANG_WARN_STRICT_PROTOTYPES = YES;
				CLANG_WARN_SUSPICIOUS_MOVE = YES;
				CLANG_WARN_UNGUARDED_AVAILABILITY = YES_AGGRESSIVE;
				CLANG_WARN_UNREACHABLE_CODE = YES;
				CLANG_WARN__DUPLICATE_METHOD_MATCH = YES;
				COPY_PHASE_STRIP = NO;
				DEBUG_INFORMATION_FORMAT = dwarf;
				ENABLE_STRICT_OBJC_MSGSEND = YES;
				ENABLE_TESTABILITY = YES;
				ENABLE_USER_SCRIPT_SANDBOXING = YES;
				GCC_C_LANGUAGE_STANDARD = gnu17;
				GCC_DYNAMIC_NO_PIC = NO;
				GCC_NO_COMMON_BLOCKS = YES;
				GCC_OPTIMIZATION_LEVEL = 0;
				GCC_PREPROCESSOR_DEFINITIONS = (
					"DEBUG=1",
					"$(inherited)",
				);
				GCC_WARN_64_TO_32_BIT_CONVERSION = YES;
				GCC_WARN_ABOUT_RETURN_TYPE = YES_ERROR;
				GCC_WARN_UNDECLARED_SELECTOR = YES;
				GCC_WARN_UNINITIALIZED_AUTOS = YES_AGGRESSIVE;
				GCC_WARN_UNUSED_FUNCTION = YES;
				GCC_WARN_UNUSED_VARIABLE = YES;
				IPHONEOS_DEPLOYMENT_TARGET = 17.5;
				LOCALIZATION_PREFERS_STRING_CATALOGS = YES;
				MTL_ENABLE_DEBUG_INFO = INCLUDE_SOURCE;
				MTL_FAST_MATH = YES;
				ONLY_ACTIVE_ARCH = YES;
				SDKROOT = iphoneos;
				SWIFT_ACTIVE_COMPILATION_CONDITIONS = "DEBUG $(inherited)";
				SWIFT_OPTIMIZATION_LEVEL = "-Onone";
			};
			name = Debug;
		};
		1FED8E212C4A546A0091AE88 /* Release */ = {
			isa = XCBuildConfiguration;
			buildSettings = {
				ALWAYS_SEARCH_USER_PATHS = NO;
				ASSETCATALOG_COMPILER_GENERATE_SWIFT_ASSET_SYMBOL_EXTENSIONS = YES;
				CLANG_ANALYZER_NONNULL = YES;
				CLANG_ANALYZER_NUMBER_OBJECT_CONVERSION = YES_AGGRESSIVE;
				CLANG_CXX_LANGUAGE_STANDARD = "gnu++20";
				CLANG_ENABLE_MODULES = YES;
				CLANG_ENABLE_OBJC_ARC = YES;
				CLANG_ENABLE_OBJC_WEAK = YES;
				CLANG_WARN_BLOCK_CAPTURE_AUTORELEASING = YES;
				CLANG_WARN_BOOL_CONVERSION = YES;
				CLANG_WARN_COMMA = YES;
				CLANG_WARN_CONSTANT_CONVERSION = YES;
				CLANG_WARN_DEPRECATED_OBJC_IMPLEMENTATIONS = YES;
				CLANG_WARN_DIRECT_OBJC_ISA_USAGE = YES_ERROR;
				CLANG_WARN_DOCUMENTATION_COMMENTS = YES;
				CLANG_WARN_EMPTY_BODY = YES;
				CLANG_WARN_ENUM_CONVERSION = YES;
				CLANG_WARN_INFINITE_RECURSION = YES;
				CLANG_WARN_INT_CONVERSION = YES;
				CLANG_WARN_NON_LITERAL_NULL_CONVERSION = YES;
				CLANG_WARN_OBJC_IMPLICIT_RETAIN_SELF = YES;
				CLANG_WARN_OBJC_LITERAL_CONVERSION = YES;
				CLANG_WARN_OBJC_ROOT_CLASS = YES_ERROR;
				CLANG_WARN_QUOTED_INCLUDE_IN_FRAMEWORK_HEADER = YES;
				CLANG_WARN_RANGE_LOOP_ANALYSIS = YES;
				CLANG_WARN_STRICT_PROTOTYPES = YES;
				CLANG_WARN_SUSPICIOUS_MOVE = YES;
				CLANG_WARN_UNGUARDED_AVAILABILITY = YES_AGGRESSIVE;
				CLANG_WARN_UNREACHABLE_CODE = YES;
				CLANG_WARN__DUPLICATE_METHOD_MATCH = YES;
				COPY_PHASE_STRIP = NO;
				DEBUG_INFORMATION_FORMAT = "dwarf-with-dsym";
				ENABLE_NS_ASSERTIONS = NO;
				ENABLE_STRICT_OBJC_MSGSEND = YES;
				ENABLE_USER_SCRIPT_SANDBOXING = YES;
				GCC_C_LANGUAGE_STANDARD = gnu17;
				GCC_NO_COMMON_BLOCKS = YES;
				GCC_WARN_64_TO_32_BIT_CONVERSION = YES;
				GCC_WARN_ABOUT_RETURN_TYPE = YES_ERROR;
				GCC_WARN_UNDECLARED_SELECTOR = YES;
				GCC_WARN_UNINITIALIZED_AUTOS = YES_AGGRESSIVE;
				GCC_WARN_UNUSED_FUNCTION = YES;
				GCC_WARN_UNUSED_VARIABLE = YES;
				IPHONEOS_DEPLOYMENT_TARGET = 17.5;
				LOCALIZATION_PREFERS_STRING_CATALOGS = YES;
				MTL_ENABLE_DEBUG_INFO = NO;
				MTL_FAST_MATH = YES;
				SDKROOT = iphoneos;
				SWIFT_COMPILATION_MODE = wholemodule;
				VALIDATE_PRODUCT = YES;
			};
			name = Release;
		};
		1FED8E232C4A546A0091AE88 /* Debug */ = {
			isa = XCBuildConfiguration;
			buildSettings = {
				ASSETCATALOG_COMPILER_APPICON_NAME = AppIcon;
				ASSETCATALOG_COMPILER_GLOBAL_ACCENT_COLOR_NAME = AccentColor;
				CODE_SIGN_STYLE = Automatic;
				CURRENT_PROJECT_VERSION = 1;
				GENERATE_INFOPLIST_FILE = YES;
				INFOPLIST_FILE = termeet/Info.plist;
				INFOPLIST_KEY_LSApplicationCategoryType = "";
				INFOPLIST_KEY_UIApplicationSupportsIndirectInputEvents = YES;
				INFOPLIST_KEY_UILaunchStoryboardName = LaunchScreen;
				INFOPLIST_KEY_UISupportedInterfaceOrientations_iPad = "UIInterfaceOrientationPortrait UIInterfaceOrientationPortraitUpsideDown UIInterfaceOrientationLandscapeLeft UIInterfaceOrientationLandscapeRight";
				INFOPLIST_KEY_UISupportedInterfaceOrientations_iPhone = "UIInterfaceOrientationPortrait UIInterfaceOrientationLandscapeLeft UIInterfaceOrientationLandscapeRight";
				LD_RUNPATH_SEARCH_PATHS = (
					"$(inherited)",
					"@executable_path/Frameworks",
				);
				MARKETING_VERSION = 1.0;
				PRODUCT_BUNDLE_IDENTIFIER = meow.termeet;
				PRODUCT_NAME = "$(TARGET_NAME)";
				SWIFT_EMIT_LOC_STRINGS = YES;
				SWIFT_VERSION = 5.0;
				TARGETED_DEVICE_FAMILY = "1,2";
			};
			name = Debug;
		};
		1FED8E242C4A546A0091AE88 /* Release */ = {
			isa = XCBuildConfiguration;
			buildSettings = {
				ASSETCATALOG_COMPILER_APPICON_NAME = AppIcon;
				ASSETCATALOG_COMPILER_GLOBAL_ACCENT_COLOR_NAME = AccentColor;
				CODE_SIGN_STYLE = Automatic;
				CURRENT_PROJECT_VERSION = 1;
				GENERATE_INFOPLIST_FILE = YES;
				INFOPLIST_FILE = termeet/Info.plist;
				INFOPLIST_KEY_LSApplicationCategoryType = "";
				INFOPLIST_KEY_UIApplicationSupportsIndirectInputEvents = YES;
				INFOPLIST_KEY_UILaunchStoryboardName = LaunchScreen;
				INFOPLIST_KEY_UISupportedInterfaceOrientations_iPad = "UIInterfaceOrientationPortrait UIInterfaceOrientationPortraitUpsideDown UIInterfaceOrientationLandscapeLeft UIInterfaceOrientationLandscapeRight";
				INFOPLIST_KEY_UISupportedInterfaceOrientations_iPhone = "UIInterfaceOrientationPortrait UIInterfaceOrientationLandscapeLeft UIInterfaceOrientationLandscapeRight";
				LD_RUNPATH_SEARCH_PATHS = (
					"$(inherited)",
					"@executable_path/Frameworks",
				);
				MARKETING_VERSION = 1.0;
				PRODUCT_BUNDLE_IDENTIFIER = meow.termeet;
				PRODUCT_NAME = "$(TARGET_NAME)";
				SWIFT_EMIT_LOC_STRINGS = YES;
				SWIFT_VERSION = 5.0;
				TARGETED_DEVICE_FAMILY = "1,2";
			};
			name = Release;
		};
/* End XCBuildConfiguration section */

/* Begin XCConfigurationList section */
		1FED8E092C4A54680091AE88 /* Build configuration list for PBXProject "termeet" */ = {
			isa = XCConfigurationList;
			buildConfigurations = (
				1FED8E202C4A546A0091AE88 /* Debug */,
				1FED8E212C4A546A0091AE88 /* Release */,
			);
			defaultConfigurationIsVisible = 0;
			defaultConfigurationName = Release;
		};
		1FED8E222C4A546A0091AE88 /* Build configuration list for PBXNativeTarget "termeet" */ = {
			isa = XCConfigurationList;
			buildConfigurations = (
				1FED8E232C4A546A0091AE88 /* Debug */,
				1FED8E242C4A546A0091AE88 /* Release */,
			);
			defaultConfigurationIsVisible = 0;
			defaultConfigurationName = Release;
		};
/* End XCConfigurationList section */
	};
	rootObject = 1FED8E062C4A54680091AE88 /* Project object */;
}
